// !$*UTF8*$!
{
	archiveVersion = 1;
	classes = {
	};
	objectVersion = 56;
	objects = {

/* Begin PBXBuildFile section */
		10589BC42CB983E2007B11FF /* ScrumdingerApp.swift in Sources */ = {isa = PBXBuildFile; fileRef = 10589BC32CB983E2007B11FF /* ScrumdingerApp.swift */; };
		10589BC62CB983E2007B11FF /* MeetingView.swift in Sources */ = {isa = PBXBuildFile; fileRef = 10589BC52CB983E2007B11FF /* MeetingView.swift */; };
		10589BC82CB983EC007B11FF /* Assets.xcassets in Resources */ = {isa = PBXBuildFile; fileRef = 10589BC72CB983EC007B11FF /* Assets.xcassets */; };
		10589BCB2CB983EC007B11FF /* Preview Assets.xcassets in Resources */ = {isa = PBXBuildFile; fileRef = 10589BCA2CB983EC007B11FF /* Preview Assets.xcassets */; };
		10589BD52CB983EC007B11FF /* ScrumdingerTests.swift in Sources */ = {isa = PBXBuildFile; fileRef = 10589BD42CB983EC007B11FF /* ScrumdingerTests.swift */; };
		10589BDF2CB983EC007B11FF /* ScrumdingerUITests.swift in Sources */ = {isa = PBXBuildFile; fileRef = 10589BDE2CB983EC007B11FF /* ScrumdingerUITests.swift */; };
		10589BE12CB983EC007B11FF /* ScrumdingerUITestsLaunchTests.swift in Sources */ = {isa = PBXBuildFile; fileRef = 10589BE02CB983EC007B11FF /* ScrumdingerUITestsLaunchTests.swift */; };
		10589BEF2CB9927D007B11FF /* Theme.swift in Sources */ = {isa = PBXBuildFile; fileRef = 10589BEE2CB9927D007B11FF /* Theme.swift */; };
		10589BF12CB992E6007B11FF /* DailyScrum.swift in Sources */ = {isa = PBXBuildFile; fileRef = 10589BF02CB992E6007B11FF /* DailyScrum.swift */; };
		10589BF32CB99325007B11FF /* CardView.swift in Sources */ = {isa = PBXBuildFile; fileRef = 10589BF22CB99325007B11FF /* CardView.swift */; };
		10589BF52CB99826007B11FF /* TrailingIconLabelStyle.swift in Sources */ = {isa = PBXBuildFile; fileRef = 10589BF42CB99826007B11FF /* TrailingIconLabelStyle.swift */; };
		10589BF82CB99A55007B11FF /* ScrumsView.swift in Sources */ = {isa = PBXBuildFile; fileRef = 10589BF72CB99A55007B11FF /* ScrumsView.swift */; };
/* End PBXBuildFile section */

/* Begin PBXContainerItemProxy section */
		10589BD12CB983EC007B11FF /* PBXContainerItemProxy */ = {
			isa = PBXContainerItemProxy;
			containerPortal = 10589BB82CB983E2007B11FF /* Project object */;
			proxyType = 1;
			remoteGlobalIDString = 10589BBF2CB983E2007B11FF;
			remoteInfo = Scrumdinger;
		};
		10589BDB2CB983EC007B11FF /* PBXContainerItemProxy */ = {
			isa = PBXContainerItemProxy;
			containerPortal = 10589BB82CB983E2007B11FF /* Project object */;
			proxyType = 1;
			remoteGlobalIDString = 10589BBF2CB983E2007B11FF;
			remoteInfo = Scrumdinger;
		};
/* End PBXContainerItemProxy section */

/* Begin PBXFileReference section */
		10589BC02CB983E2007B11FF /* Scrumdinger.app */ = {isa = PBXFileReference; explicitFileType = wrapper.application; includeInIndex = 0; path = Scrumdinger.app; sourceTree = BUILT_PRODUCTS_DIR; };
		10589BC32CB983E2007B11FF /* ScrumdingerApp.swift */ = {isa = PBXFileReference; lastKnownFileType = sourcecode.swift; path = ScrumdingerApp.swift; sourceTree = "<group>"; };
		10589BC52CB983E2007B11FF /* MeetingView.swift */ = {isa = PBXFileReference; lastKnownFileType = sourcecode.swift; path = MeetingView.swift; sourceTree = "<group>"; };
		10589BC72CB983EC007B11FF /* Assets.xcassets */ = {isa = PBXFileReference; lastKnownFileType = folder.assetcatalog; path = Assets.xcassets; sourceTree = "<group>"; };
		10589BCA2CB983EC007B11FF /* Preview Assets.xcassets */ = {isa = PBXFileReference; lastKnownFileType = folder.assetcatalog; path = "Preview Assets.xcassets"; sourceTree = "<group>"; };
		10589BD02CB983EC007B11FF /* ScrumdingerTests.xctest */ = {isa = PBXFileReference; explicitFileType = wrapper.cfbundle; includeInIndex = 0; path = ScrumdingerTests.xctest; sourceTree = BUILT_PRODUCTS_DIR; };
		10589BD42CB983EC007B11FF /* ScrumdingerTests.swift */ = {isa = PBXFileReference; lastKnownFileType = sourcecode.swift; path = ScrumdingerTests.swift; sourceTree = "<group>"; };
		10589BDA2CB983EC007B11FF /* ScrumdingerUITests.xctest */ = {isa = PBXFileReference; explicitFileType = wrapper.cfbundle; includeInIndex = 0; path = ScrumdingerUITests.xctest; sourceTree = BUILT_PRODUCTS_DIR; };
		10589BDE2CB983EC007B11FF /* ScrumdingerUITests.swift */ = {isa = PBXFileReference; lastKnownFileType = sourcecode.swift; path = ScrumdingerUITests.swift; sourceTree = "<group>"; };
		10589BE02CB983EC007B11FF /* ScrumdingerUITestsLaunchTests.swift */ = {isa = PBXFileReference; lastKnownFileType = sourcecode.swift; path = ScrumdingerUITestsLaunchTests.swift; sourceTree = "<group>"; };
		10589BEE2CB9927D007B11FF /* Theme.swift */ = {isa = PBXFileReference; lastKnownFileType = sourcecode.swift; path = Theme.swift; sourceTree = "<group>"; };
		10589BF02CB992E6007B11FF /* DailyScrum.swift */ = {isa = PBXFileReference; lastKnownFileType = sourcecode.swift; path = DailyScrum.swift; sourceTree = "<group>"; };
		10589BF22CB99325007B11FF /* CardView.swift */ = {isa = PBXFileReference; lastKnownFileType = sourcecode.swift; path = CardView.swift; sourceTree = "<group>"; };
		10589BF42CB99826007B11FF /* TrailingIconLabelStyle.swift */ = {isa = PBXFileReference; lastKnownFileType = sourcecode.swift; path = TrailingIconLabelStyle.swift; sourceTree = "<group>"; };
		10589BF72CB99A55007B11FF /* ScrumsView.swift */ = {isa = PBXFileReference; lastKnownFileType = sourcecode.swift; path = ScrumsView.swift; sourceTree = "<group>"; };
/* End PBXFileReference section */

/* Begin PBXFrameworksBuildPhase section */
		10589BBD2CB983E2007B11FF /* Frameworks */ = {
			isa = PBXFrameworksBuildPhase;
			buildActionMask = 2147483647;
			files = (
			);
			runOnlyForDeploymentPostprocessing = 0;
		};
		10589BCD2CB983EC007B11FF /* Frameworks */ = {
			isa = PBXFrameworksBuildPhase;
			buildActionMask = 2147483647;
			files = (
			);
			runOnlyForDeploymentPostprocessing = 0;
		};
		10589BD72CB983EC007B11FF /* Frameworks */ = {
			isa = PBXFrameworksBuildPhase;
			buildActionMask = 2147483647;
			files = (
			);
			runOnlyForDeploymentPostprocessing = 0;
		};
/* End PBXFrameworksBuildPhase section */

/* Begin PBXGroup section */
		10589BB72CB983E2007B11FF = {
			isa = PBXGroup;
			children = (
				10589BC22CB983E2007B11FF /* Scrumdinger */,
				10589BD32CB983EC007B11FF /* ScrumdingerTests */,
				10589BDD2CB983EC007B11FF /* ScrumdingerUITests */,
				10589BC12CB983E2007B11FF /* Products */,
			);
			sourceTree = "<group>";
		};
		10589BC12CB983E2007B11FF /* Products */ = {
			isa = PBXGroup;
			children = (
				10589BC02CB983E2007B11FF /* Scrumdinger.app */,
				10589BD02CB983EC007B11FF /* ScrumdingerTests.xctest */,
				10589BDA2CB983EC007B11FF /* ScrumdingerUITests.xctest */,
			);
			name = Products;
			sourceTree = "<group>";
		};
		10589BC22CB983E2007B11FF /* Scrumdinger */ = {
			isa = PBXGroup;
			children = (
				10589BF62CB9998C007B11FF /* Views */,
				10589BED2CB99266007B11FF /* Models */,
				10589BC32CB983E2007B11FF /* ScrumdingerApp.swift */,
				10589BC72CB983EC007B11FF /* Assets.xcassets */,
				10589BC92CB983EC007B11FF /* Preview Content */,
			);
			path = Scrumdinger;
			sourceTree = "<group>";
		};
		10589BC92CB983EC007B11FF /* Preview Content */ = {
			isa = PBXGroup;
			children = (
				10589BCA2CB983EC007B11FF /* Preview Assets.xcassets */,
			);
			path = "Preview Content";
			sourceTree = "<group>";
		};
		10589BD32CB983EC007B11FF /* ScrumdingerTests */ = {
			isa = PBXGroup;
			children = (
				10589BD42CB983EC007B11FF /* ScrumdingerTests.swift */,
			);
			path = ScrumdingerTests;
			sourceTree = "<group>";
		};
		10589BDD2CB983EC007B11FF /* ScrumdingerUITests */ = {
			isa = PBXGroup;
			children = (
				10589BDE2CB983EC007B11FF /* ScrumdingerUITests.swift */,
				10589BE02CB983EC007B11FF /* ScrumdingerUITestsLaunchTests.swift */,
			);
			path = ScrumdingerUITests;
			sourceTree = "<group>";
		};
		10589BED2CB99266007B11FF /* Models */ = {
			isa = PBXGroup;
			children = (
				10589BEE2CB9927D007B11FF /* Theme.swift */,
				10589BF02CB992E6007B11FF /* DailyScrum.swift */,
			);
			path = Models;
			sourceTree = "<group>";
		};
		10589BF62CB9998C007B11FF /* Views */ = {
			isa = PBXGroup;
			children = (
				10589BF42CB99826007B11FF /* TrailingIconLabelStyle.swift */,
				10589BC52CB983E2007B11FF /* MeetingView.swift */,
				10589BF22CB99325007B11FF /* CardView.swift */,
				10589BF72CB99A55007B11FF /* ScrumsView.swift */,
			);
			path = Views;
			sourceTree = "<group>";
		};
/* End PBXGroup section */

/* Begin PBXNativeTarget section */
		10589BBF2CB983E2007B11FF /* Scrumdinger */ = {
			isa = PBXNativeTarget;
			buildConfigurationList = 10589BE42CB983EC007B11FF /* Build configuration list for PBXNativeTarget "Scrumdinger" */;
			buildPhases = (
				10589BBC2CB983E2007B11FF /* Sources */,
				10589BBD2CB983E2007B11FF /* Frameworks */,
				10589BBE2CB983E2007B11FF /* Resources */,
			);
			buildRules = (
			);
			dependencies = (
			);
			name = Scrumdinger;
			productName = Scrumdinger;
			productReference = 10589BC02CB983E2007B11FF /* Scrumdinger.app */;
			productType = "com.apple.product-type.application";
		};
		10589BCF2CB983EC007B11FF /* ScrumdingerTests */ = {
			isa = PBXNativeTarget;
			buildConfigurationList = 10589BE72CB983EC007B11FF /* Build configuration list for PBXNativeTarget "ScrumdingerTests" */;
			buildPhases = (
				10589BCC2CB983EC007B11FF /* Sources */,
				10589BCD2CB983EC007B11FF /* Frameworks */,
				10589BCE2CB983EC007B11FF /* Resources */,
			);
			buildRules = (
			);
			dependencies = (
				10589BD22CB983EC007B11FF /* PBXTargetDependency */,
			);
			name = ScrumdingerTests;
			productName = ScrumdingerTests;
			productReference = 10589BD02CB983EC007B11FF /* ScrumdingerTests.xctest */;
			productType = "com.apple.product-type.bundle.unit-test";
		};
		10589BD92CB983EC007B11FF /* ScrumdingerUITests */ = {
			isa = PBXNativeTarget;
			buildConfigurationList = 10589BEA2CB983EC007B11FF /* Build configuration list for PBXNativeTarget "ScrumdingerUITests" */;
			buildPhases = (
				10589BD62CB983EC007B11FF /* Sources */,
				10589BD72CB983EC007B11FF /* Frameworks */,
				10589BD82CB983EC007B11FF /* Resources */,
			);
			buildRules = (
			);
			dependencies = (
				10589BDC2CB983EC007B11FF /* PBXTargetDependency */,
			);
			name = ScrumdingerUITests;
			productName = ScrumdingerUITests;
			productReference = 10589BDA2CB983EC007B11FF /* ScrumdingerUITests.xctest */;
			productType = "com.apple.product-type.bundle.ui-testing";
		};
/* End PBXNativeTarget section */

/* Begin PBXProject section */
		10589BB82CB983E2007B11FF /* Project object */ = {
			isa = PBXProject;
			attributes = {
				BuildIndependentTargetsInParallel = 1;
				LastSwiftUpdateCheck = 1540;
				LastUpgradeCheck = 1540;
				TargetAttributes = {
					10589BBF2CB983E2007B11FF = {
						CreatedOnToolsVersion = 15.4;
					};
					10589BCF2CB983EC007B11FF = {
						CreatedOnToolsVersion = 15.4;
						TestTargetID = 10589BBF2CB983E2007B11FF;
					};
					10589BD92CB983EC007B11FF = {
						CreatedOnToolsVersion = 15.4;
						TestTargetID = 10589BBF2CB983E2007B11FF;
					};
				};
			};
			buildConfigurationList = 10589BBB2CB983E2007B11FF /* Build configuration list for PBXProject "Scrumdinger" */;
			compatibilityVersion = "Xcode 14.0";
			developmentRegion = en;
			hasScannedForEncodings = 0;
			knownRegions = (
				en,
				Base,
			);
			mainGroup = 10589BB72CB983E2007B11FF;
			productRefGroup = 10589BC12CB983E2007B11FF /* Products */;
			projectDirPath = "";
			projectRoot = "";
			targets = (
				10589BBF2CB983E2007B11FF /* Scrumdinger */,
				10589BCF2CB983EC007B11FF /* ScrumdingerTests */,
				10589BD92CB983EC007B11FF /* ScrumdingerUITests */,
			);
		};
/* End PBXProject section */

/* Begin PBXResourcesBuildPhase section */
		10589BBE2CB983E2007B11FF /* Resources */ = {
			isa = PBXResourcesBuildPhase;
			buildActionMask = 2147483647;
			files = (
				10589BCB2CB983EC007B11FF /* Preview Assets.xcassets in Resources */,
				10589BC82CB983EC007B11FF /* Assets.xcassets in Resources */,
			);
			runOnlyForDeploymentPostprocessing = 0;
		};
		10589BCE2CB983EC007B11FF /* Resources */ = {
			isa = PBXResourcesBuildPhase;
			buildActionMask = 2147483647;
			files = (
			);
			runOnlyForDeploymentPostprocessing = 0;
		};
		10589BD82CB983EC007B11FF /* Resources */ = {
			isa = PBXResourcesBuildPhase;
			buildActionMask = 2147483647;
			files = (
			);
			runOnlyForDeploymentPostprocessing = 0;
		};
/* End PBXResourcesBuildPhase section */

/* Begin PBXSourcesBuildPhase section */
		10589BBC2CB983E2007B11FF /* Sources */ = {
			isa = PBXSourcesBuildPhase;
			buildActionMask = 2147483647;
			files = (
				10589BF12CB992E6007B11FF /* DailyScrum.swift in Sources */,
				10589BF52CB99826007B11FF /* TrailingIconLabelStyle.swift in Sources */,
				10589BEF2CB9927D007B11FF /* Theme.swift in Sources */,
				10589BF82CB99A55007B11FF /* ScrumsView.swift in Sources */,
				10589BC62CB983E2007B11FF /* MeetingView.swift in Sources */,
				10589BC42CB983E2007B11FF /* ScrumdingerApp.swift in Sources */,
				10589BF32CB99325007B11FF /* CardView.swift in Sources */,
			);
			runOnlyForDeploymentPostprocessing = 0;
		};
		10589BCC2CB983EC007B11FF /* Sources */ = {
			isa = PBXSourcesBuildPhase;
			buildActionMask = 2147483647;
			files = (
				10589BD52CB983EC007B11FF /* ScrumdingerTests.swift in Sources */,
			);
			runOnlyForDeploymentPostprocessing = 0;
		};
		10589BD62CB983EC007B11FF /* Sources */ = {
			isa = PBXSourcesBuildPhase;
			buildActionMask = 2147483647;
			files = (
				10589BE12CB983EC007B11FF /* ScrumdingerUITestsLaunchTests.swift in Sources */,
				10589BDF2CB983EC007B11FF /* ScrumdingerUITests.swift in Sources */,
			);
			runOnlyForDeploymentPostprocessing = 0;
		};
/* End PBXSourcesBuildPhase section */

/* Begin PBXTargetDependency section */
		10589BD22CB983EC007B11FF /* PBXTargetDependency */ = {
			isa = PBXTargetDependency;
			target = 10589BBF2CB983E2007B11FF /* Scrumdinger */;
			targetProxy = 10589BD12CB983EC007B11FF /* PBXContainerItemProxy */;
		};
		10589BDC2CB983EC007B11FF /* PBXTargetDependency */ = {
			isa = PBXTargetDependency;
			target = 10589BBF2CB983E2007B11FF /* Scrumdinger */;
			targetProxy = 10589BDB2CB983EC007B11FF /* PBXContainerItemProxy */;
		};
/* End PBXTargetDependency section */

/* Begin XCBuildConfiguration section */
		10589BE22CB983EC007B11FF /* Debug */ = {
			isa = XCBuildConfiguration;
			buildSettings = {
				ALWAYS_SEARCH_USER_PATHS = NO;
				ASSETCATALOG_COMPILER_GENERATE_SWIFT_ASSET_SYMBOL_EXTENSIONS = YES;
				CLANG_ANALYZER_NONNULL = YES;
				CLANG_ANALYZER_NUMBER_OBJECT_CONVERSION = YES_AGGRESSIVE;
				CLANG_CXX_LANGUAGE_STANDARD = "gnu++20";
				CLANG_ENABLE_MODULES = YES;
				CLANG_ENABLE_OBJC_ARC = YES;
				CLANG_ENABLE_OBJC_WEAK = YES;
				CLANG_WARN_BLOCK_CAPTURE_AUTORELEASING = YES;
				CLANG_WARN_BOOL_CONVERSION = YES;
				CLANG_WARN_COMMA = YES;
				CLANG_WARN_CONSTANT_CONVERSION = YES;
				CLANG_WARN_DEPRECATED_OBJC_IMPLEMENTATIONS = YES;
				CLANG_WARN_DIRECT_OBJC_ISA_USAGE = YES_ERROR;
				CLANG_WARN_DOCUMENTATION_COMMENTS = YES;
				CLANG_WARN_EMPTY_BODY = YES;
				CLANG_WARN_ENUM_CONVERSION = YES;
				CLANG_WARN_INFINITE_RECURSION = YES;
				CLANG_WARN_INT_CONVERSION = YES;
				CLANG_WARN_NON_LITERAL_NULL_CONVERSION = YES;
				CLANG_WARN_OBJC_IMPLICIT_RETAIN_SELF = YES;
				CLANG_WARN_OBJC_LITERAL_CONVERSION = YES;
				CLANG_WARN_OBJC_ROOT_CLASS = YES_ERROR;
				CLANG_WARN_QUOTED_INCLUDE_IN_FRAMEWORK_HEADER = YES;
				CLANG_WARN_RANGE_LOOP_ANALYSIS = YES;
				CLANG_WARN_STRICT_PROTOTYPES = YES;
				CLANG_WARN_SUSPICIOUS_MOVE = YES;
				CLANG_WARN_UNGUARDED_AVAILABILITY = YES_AGGRESSIVE;
				CLANG_WARN_UNREACHABLE_CODE = YES;
				CLANG_WARN__DUPLICATE_METHOD_MATCH = YES;
				COPY_PHASE_STRIP = NO;
				DEBUG_INFORMATION_FORMAT = dwarf;
				ENABLE_STRICT_OBJC_MSGSEND = YES;
				ENABLE_TESTABILITY = YES;
				ENABLE_USER_SCRIPT_SANDBOXING = YES;
				GCC_C_LANGUAGE_STANDARD = gnu17;
				GCC_DYNAMIC_NO_PIC = NO;
				GCC_NO_COMMON_BLOCKS = YES;
				GCC_OPTIMIZATION_LEVEL = 0;
				GCC_PREPROCESSOR_DEFINITIONS = (
					"DEBUG=1",
					"$(inherited)",
				);
				GCC_WARN_64_TO_32_BIT_CONVERSION = YES;
				GCC_WARN_ABOUT_RETURN_TYPE = YES_ERROR;
				GCC_WARN_UNDECLARED_SELECTOR = YES;
				GCC_WARN_UNINITIALIZED_AUTOS = YES_AGGRESSIVE;
				GCC_WARN_UNUSED_FUNCTION = YES;
				GCC_WARN_UNUSED_VARIABLE = YES;
				IPHONEOS_DEPLOYMENT_TARGET = 17.5;
				LOCALIZATION_PREFERS_STRING_CATALOGS = YES;
				MTL_ENABLE_DEBUG_INFO = INCLUDE_SOURCE;
				MTL_FAST_MATH = YES;
				ONLY_ACTIVE_ARCH = YES;
				SDKROOT = iphoneos;
				SWIFT_ACTIVE_COMPILATION_CONDITIONS = "DEBUG $(inherited)";
				SWIFT_OPTIMIZATION_LEVEL = "-Onone";
			};
			name = Debug;
		};
		10589BE32CB983EC007B11FF /* Release */ = {
			isa = XCBuildConfiguration;
			buildSettings = {
				ALWAYS_SEARCH_USER_PATHS = NO;
				ASSETCATALOG_COMPILER_GENERATE_SWIFT_ASSET_SYMBOL_EXTENSIONS = YES;
				CLANG_ANALYZER_NONNULL = YES;
				CLANG_ANALYZER_NUMBER_OBJECT_CONVERSION = YES_AGGRESSIVE;
				CLANG_CXX_LANGUAGE_STANDARD = "gnu++20";
				CLANG_ENABLE_MODULES = YES;
				CLANG_ENABLE_OBJC_ARC = YES;
				CLANG_ENABLE_OBJC_WEAK = YES;
				CLANG_WARN_BLOCK_CAPTURE_AUTORELEASING = YES;
				CLANG_WARN_BOOL_CONVERSION = YES;
				CLANG_WARN_COMMA = YES;
				CLANG_WARN_CONSTANT_CONVERSION = YES;
				CLANG_WARN_DEPRECATED_OBJC_IMPLEMENTATIONS = YES;
				CLANG_WARN_DIRECT_OBJC_ISA_USAGE = YES_ERROR;
				CLANG_WARN_DOCUMENTATION_COMMENTS = YES;
				CLANG_WARN_EMPTY_BODY = YES;
				CLANG_WARN_ENUM_CONVERSION = YES;
				CLANG_WARN_INFINITE_RECURSION = YES;
				CLANG_WARN_INT_CONVERSION = YES;
				CLANG_WARN_NON_LITERAL_NULL_CONVERSION = YES;
				CLANG_WARN_OBJC_IMPLICIT_RETAIN_SELF = YES;
				CLANG_WARN_OBJC_LITERAL_CONVERSION = YES;
				CLANG_WARN_OBJC_ROOT_CLASS = YES_ERROR;
				CLANG_WARN_QUOTED_INCLUDE_IN_FRAMEWORK_HEADER = YES;
				CLANG_WARN_RANGE_LOOP_ANALYSIS = YES;
				CLANG_WARN_STRICT_PROTOTYPES = YES;
				CLANG_WARN_SUSPICIOUS_MOVE = YES;
				CLANG_WARN_UNGUARDED_AVAILABILITY = YES_AGGRESSIVE;
				CLANG_WARN_UNREACHABLE_CODE = YES;
				CLANG_WARN__DUPLICATE_METHOD_MATCH = YES;
				COPY_PHASE_STRIP = NO;
				DEBUG_INFORMATION_FORMAT = "dwarf-with-dsym";
				ENABLE_NS_ASSERTIONS = NO;
				ENABLE_STRICT_OBJC_MSGSEND = YES;
				ENABLE_USER_SCRIPT_SANDBOXING = YES;
				GCC_C_LANGUAGE_STANDARD = gnu17;
				GCC_NO_COMMON_BLOCKS = YES;
				GCC_WARN_64_TO_32_BIT_CONVERSION = YES;
				GCC_WARN_ABOUT_RETURN_TYPE = YES_ERROR;
				GCC_WARN_UNDECLARED_SELECTOR = YES;
				GCC_WARN_UNINITIALIZED_AUTOS = YES_AGGRESSIVE;
				GCC_WARN_UNUSED_FUNCTION = YES;
				GCC_WARN_UNUSED_VARIABLE = YES;
				IPHONEOS_DEPLOYMENT_TARGET = 17.5;
				LOCALIZATION_PREFERS_STRING_CATALOGS = YES;
				MTL_ENABLE_DEBUG_INFO = NO;
				MTL_FAST_MATH = YES;
				SDKROOT = iphoneos;
				SWIFT_COMPILATION_MODE = wholemodule;
				VALIDATE_PRODUCT = YES;
			};
			name = Release;
		};
		10589BE52CB983EC007B11FF /* Debug */ = {
			isa = XCBuildConfiguration;
			buildSettings = {
				ASSETCATALOG_COMPILER_APPICON_NAME = AppIcon;
				ASSETCATALOG_COMPILER_GLOBAL_ACCENT_COLOR_NAME = AccentColor;
				CODE_SIGN_STYLE = Automatic;
				CURRENT_PROJECT_VERSION = 1;
				DEVELOPMENT_ASSET_PATHS = "\"Scrumdinger/Preview Content\"";
				ENABLE_PREVIEWS = YES;
				GENERATE_INFOPLIST_FILE = YES;
				INFOPLIST_KEY_UIApplicationSceneManifest_Generation = YES;
				INFOPLIST_KEY_UIApplicationSupportsIndirectInputEvents = YES;
				INFOPLIST_KEY_UILaunchScreen_Generation = YES;
				INFOPLIST_KEY_UISupportedInterfaceOrientations_iPad = "UIInterfaceOrientationPortrait UIInterfaceOrientationPortraitUpsideDown UIInterfaceOrientationLandscapeLeft UIInterfaceOrientationLandscapeRight";
				INFOPLIST_KEY_UISupportedInterfaceOrientations_iPhone = "UIInterfaceOrientationPortrait UIInterfaceOrientationLandscapeLeft UIInterfaceOrientationLandscapeRight";
				LD_RUNPATH_SEARCH_PATHS = (
					"$(inherited)",
					"@executable_path/Frameworks",
				);
				MARKETING_VERSION = 1.0;
				PRODUCT_BUNDLE_IDENTIFIER = uk.co.sitenotfound.Scrumdinger;
				PRODUCT_NAME = "$(TARGET_NAME)";
				SWIFT_EMIT_LOC_STRINGS = YES;
				SWIFT_VERSION = 5.0;
				TARGETED_DEVICE_FAMILY = "1,2";
			};
			name = Debug;
		};
		10589BE62CB983EC007B11FF /* Release */ = {
			isa = XCBuildConfiguration;
			buildSettings = {
				ASSETCATALOG_COMPILER_APPICON_NAME = AppIcon;
				ASSETCATALOG_COMPILER_GLOBAL_ACCENT_COLOR_NAME = AccentColor;
				CODE_SIGN_STYLE = Automatic;
				CURRENT_PROJECT_VERSION = 1;
				DEVELOPMENT_ASSET_PATHS = "\"Scrumdinger/Preview Content\"";
				ENABLE_PREVIEWS = YES;
				GENERATE_INFOPLIST_FILE = YES;
				INFOPLIST_KEY_UIApplicationSceneManifest_Generation = YES;
				INFOPLIST_KEY_UIApplicationSupportsIndirectInputEvents = YES;
				INFOPLIST_KEY_UILaunchScreen_Generation = YES;
				INFOPLIST_KEY_UISupportedInterfaceOrientations_iPad = "UIInterfaceOrientationPortrait UIInterfaceOrientationPortraitUpsideDown UIInterfaceOrientationLandscapeLeft UIInterfaceOrientationLandscapeRight";
				INFOPLIST_KEY_UISupportedInterfaceOrientations_iPhone = "UIInterfaceOrientationPortrait UIInterfaceOrientationLandscapeLeft UIInterfaceOrientationLandscapeRight";
				LD_RUNPATH_SEARCH_PATHS = (
					"$(inherited)",
					"@executable_path/Frameworks",
				);
				MARKETING_VERSION = 1.0;
				PRODUCT_BUNDLE_IDENTIFIER = uk.co.sitenotfound.Scrumdinger;
				PRODUCT_NAME = "$(TARGET_NAME)";
				SWIFT_EMIT_LOC_STRINGS = YES;
				SWIFT_VERSION = 5.0;
				TARGETED_DEVICE_FAMILY = "1,2";
			};
			name = Release;
		};
		10589BE82CB983EC007B11FF /* Debug */ = {
			isa = XCBuildConfiguration;
			buildSettings = {
				ALWAYS_EMBED_SWIFT_STANDARD_LIBRARIES = YES;
				BUNDLE_LOADER = "$(TEST_HOST)";
				CODE_SIGN_STYLE = Automatic;
				CURRENT_PROJECT_VERSION = 1;
				GENERATE_INFOPLIST_FILE = YES;
				IPHONEOS_DEPLOYMENT_TARGET = 17.5;
				MARKETING_VERSION = 1.0;
				PRODUCT_BUNDLE_IDENTIFIER = uk.co.sitenotfound.ScrumdingerTests;
				PRODUCT_NAME = "$(TARGET_NAME)";
				SWIFT_EMIT_LOC_STRINGS = NO;
				SWIFT_VERSION = 5.0;
				TARGETED_DEVICE_FAMILY = "1,2";
				TEST_HOST = "$(BUILT_PRODUCTS_DIR)/Scrumdinger.app/$(BUNDLE_EXECUTABLE_FOLDER_PATH)/Scrumdinger";
			};
			name = Debug;
		};
		10589BE92CB983EC007B11FF /* Release */ = {
			isa = XCBuildConfiguration;
			buildSettings = {
				ALWAYS_EMBED_SWIFT_STANDARD_LIBRARIES = YES;
				BUNDLE_LOADER = "$(TEST_HOST)";
				CODE_SIGN_STYLE = Automatic;
				CURRENT_PROJECT_VERSION = 1;
				GENERATE_INFOPLIST_FILE = YES;
				IPHONEOS_DEPLOYMENT_TARGET = 17.5;
				MARKETING_VERSION = 1.0;
				PRODUCT_BUNDLE_IDENTIFIER = uk.co.sitenotfound.ScrumdingerTests;
				PRODUCT_NAME = "$(TARGET_NAME)";
				SWIFT_EMIT_LOC_STRINGS = NO;
				SWIFT_VERSION = 5.0;
				TARGETED_DEVICE_FAMILY = "1,2";
				TEST_HOST = "$(BUILT_PRODUCTS_DIR)/Scrumdinger.app/$(BUNDLE_EXECUTABLE_FOLDER_PATH)/Scrumdinger";
			};
			name = Release;
		};
		10589BEB2CB983EC007B11FF /* Debug */ = {
			isa = XCBuildConfiguration;
			buildSettings = {
				ALWAYS_EMBED_SWIFT_STANDARD_LIBRARIES = YES;
				CODE_SIGN_STYLE = Automatic;
				CURRENT_PROJECT_VERSION = 1;
				GENERATE_INFOPLIST_FILE = YES;
				MARKETING_VERSION = 1.0;
				PRODUCT_BUNDLE_IDENTIFIER = uk.co.sitenotfound.ScrumdingerUITests;
				PRODUCT_NAME = "$(TARGET_NAME)";
				SWIFT_EMIT_LOC_STRINGS = NO;
				SWIFT_VERSION = 5.0;
				TARGETED_DEVICE_FAMILY = "1,2";
				TEST_TARGET_NAME = Scrumdinger;
			};
			name = Debug;
		};
		10589BEC2CB983EC007B11FF /* Release */ = {
			isa = XCBuildConfiguration;
			buildSettings = {
				ALWAYS_EMBED_SWIFT_STANDARD_LIBRARIES = YES;
				CODE_SIGN_STYLE = Automatic;
				CURRENT_PROJECT_VERSION = 1;
				GENERATE_INFOPLIST_FILE = YES;
				MARKETING_VERSION = 1.0;
				PRODUCT_BUNDLE_IDENTIFIER = uk.co.sitenotfound.ScrumdingerUITests;
				PRODUCT_NAME = "$(TARGET_NAME)";
				SWIFT_EMIT_LOC_STRINGS = NO;
				SWIFT_VERSION = 5.0;
				TARGETED_DEVICE_FAMILY = "1,2";
				TEST_TARGET_NAME = Scrumdinger;
			};
			name = Release;
		};
/* End XCBuildConfiguration section */

/* Begin XCConfigurationList section */
		10589BBB2CB983E2007B11FF /* Build configuration list for PBXProject "Scrumdinger" */ = {
			isa = XCConfigurationList;
			buildConfigurations = (
				10589BE22CB983EC007B11FF /* Debug */,
				10589BE32CB983EC007B11FF /* Release */,
			);
			defaultConfigurationIsVisible = 0;
			defaultConfigurationName = Release;
		};
		10589BE42CB983EC007B11FF /* Build configuration list for PBXNativeTarget "Scrumdinger" */ = {
			isa = XCConfigurationList;
			buildConfigurations = (
				10589BE52CB983EC007B11FF /* Debug */,
				10589BE62CB983EC007B11FF /* Release */,
			);
			defaultConfigurationIsVisible = 0;
			defaultConfigurationName = Release;
		};
		10589BE72CB983EC007B11FF /* Build configuration list for PBXNativeTarget "ScrumdingerTests" */ = {
			isa = XCConfigurationList;
			buildConfigurations = (
				10589BE82CB983EC007B11FF /* Debug */,
				10589BE92CB983EC007B11FF /* Release */,
			);
			defaultConfigurationIsVisible = 0;
			defaultConfigurationName = Release;
		};
		10589BEA2CB983EC007B11FF /* Build configuration list for PBXNativeTarget "ScrumdingerUITests" */ = {
			isa = XCConfigurationList;
			buildConfigurations = (
				10589BEB2CB983EC007B11FF /* Debug */,
				10589BEC2CB983EC007B11FF /* Release */,
			);
			defaultConfigurationIsVisible = 0;
			defaultConfigurationName = Release;
		};
/* End XCConfigurationList section */
	};
	rootObject = 10589BB82CB983E2007B11FF /* Project object */;
}
